// !$*UTF8*$!
{
	archiveVersion = 1;
	classes = {
	};
	objectVersion = 50;
	objects = {

/* Begin PBXBuildFile section */
		0A1579612666730B00DC041D /* TongJumpingViewController.m in Sources */ = {isa = PBXBuildFile; fileRef = 0A1579602666730B00DC041D /* TongJumpingViewController.m */; };
		0A1579662666744400DC041D /* TongJumpingToViewController.m in Sources */ = {isa = PBXBuildFile; fileRef = 0A1579652666744400DC041D /* TongJumpingToViewController.m */; };
		0A15796B2666760400DC041D /* TongProtocolJumping.m in Sources */ = {isa = PBXBuildFile; fileRef = 0A15796A2666760400DC041D /* TongProtocolJumping.m */; };
		0A15796F2666761300DC041D /* TongTargetJumping.m in Sources */ = {isa = PBXBuildFile; fileRef = 0A15796E2666761300DC041D /* TongTargetJumping.m */; };
		0A1579732666762000DC041D /* TongUrlJumping.m in Sources */ = {isa = PBXBuildFile; fileRef = 0A1579722666762000DC041D /* TongUrlJumping.m */; };
		5D42A3422693FAE60005F0ED /* TongSorting.m in Sources */ = {isa = PBXBuildFile; fileRef = 5D42A3412693FAE60005F0ED /* TongSorting.m */; };
		5D5382D9269C2AEC003B2CB2 /* TongArray.m in Sources */ = {isa = PBXBuildFile; fileRef = 5D5382D8269C2AEB003B2CB2 /* TongArray.m */; };
		5D5382DC269C2BD9003B2CB2 /* TongNetworkingManager.m in Sources */ = {isa = PBXBuildFile; fileRef = 5D5382DB269C2BD9003B2CB2 /* TongNetworkingManager.m */; };
		5D5D4AEB2664C6AA005B5D23 /* AppDelegate.m in Sources */ = {isa = PBXBuildFile; fileRef = 5D5D4AEA2664C6AA005B5D23 /* AppDelegate.m */; };
		5D5D4AEE2664C6AA005B5D23 /* SceneDelegate.m in Sources */ = {isa = PBXBuildFile; fileRef = 5D5D4AED2664C6AA005B5D23 /* SceneDelegate.m */; };
		5D5D4AF12664C6AA005B5D23 /* ViewController.m in Sources */ = {isa = PBXBuildFile; fileRef = 5D5D4AF02664C6AA005B5D23 /* ViewController.m */; };
		5D5D4AF42664C6AA005B5D23 /* Main.storyboard in Resources */ = {isa = PBXBuildFile; fileRef = 5D5D4AF22664C6AA005B5D23 /* Main.storyboard */; };
		5D5D4AF62664C6AE005B5D23 /* Assets.xcassets in Resources */ = {isa = PBXBuildFile; fileRef = 5D5D4AF52664C6AE005B5D23 /* Assets.xcassets */; };
		5D5D4AF92664C6AE005B5D23 /* LaunchScreen.storyboard in Resources */ = {isa = PBXBuildFile; fileRef = 5D5D4AF72664C6AE005B5D23 /* LaunchScreen.storyboard */; };
		5D5D4AFC2664C6AE005B5D23 /* main.m in Sources */ = {isa = PBXBuildFile; fileRef = 5D5D4AFB2664C6AE005B5D23 /* main.m */; };
		5D5D4B062664CEE3005B5D23 /* TongStudent.m in Sources */ = {isa = PBXBuildFile; fileRef = 5D5D4B052664CEE2005B5D23 /* TongStudent.m */; };
		5D5D4B092664CF28005B5D23 /* TongStudent+TongHigh.m in Sources */ = {isa = PBXBuildFile; fileRef = 5D5D4B082664CF28005B5D23 /* TongStudent+TongHigh.m */; };
		5D5D4B132665D285005B5D23 /* TongBasisManager.m in Sources */ = {isa = PBXBuildFile; fileRef = 5D5D4B122665D285005B5D23 /* TongBasisManager.m */; };
		5D5D4B172665E0C8005B5D23 /* TongNotificationCenter.m in Sources */ = {isa = PBXBuildFile; fileRef = 5D5D4B152665D76F005B5D23 /* TongNotificationCenter.m */; };
		5D5D4B1A2665FDD5005B5D23 /* TongViewController.m in Sources */ = {isa = PBXBuildFile; fileRef = 5D5D4B192665FDD5005B5D23 /* TongViewController.m */; };
		5D5D4B1D2666004C005B5D23 /* TongBlock.m in Sources */ = {isa = PBXBuildFile; fileRef = 5D5D4B1C2666004C005B5D23 /* TongBlock.m */; };
		5D5D4B202666042A005B5D23 /* TongBasisViewController.m in Sources */ = {isa = PBXBuildFile; fileRef = 5D5D4B1F2666042A005B5D23 /* TongBasisViewController.m */; };
		5D5D4B2526663014005B5D23 /* TongKVC.m in Sources */ = {isa = PBXBuildFile; fileRef = 5D5D4B2426663014005B5D23 /* TongKVC.m */; };
		5D992E5126A1508100B9797B /* TongCodePushDownloader.m in Sources */ = {isa = PBXBuildFile; fileRef = 5D992E5026A1508100B9797B /* TongCodePushDownloader.m */; };
		FE51FBC47328A7FCF2B61658 /* libPods-Tong- iOS.a in Frameworks */ = {isa = PBXBuildFile; fileRef = 44B54F2D876D86CF116B96B1 /* libPods-Tong- iOS.a */; };
/* End PBXBuildFile section */

/* Begin PBXFileReference section */
		0A15795F2666730B00DC041D /* TongJumpingViewController.h */ = {isa = PBXFileReference; lastKnownFileType = sourcecode.c.h; path = TongJumpingViewController.h; sourceTree = "<group>"; };
		0A1579602666730B00DC041D /* TongJumpingViewController.m */ = {isa = PBXFileReference; lastKnownFileType = sourcecode.c.objc; path = TongJumpingViewController.m; sourceTree = "<group>"; };
		0A1579642666744400DC041D /* TongJumpingToViewController.h */ = {isa = PBXFileReference; lastKnownFileType = sourcecode.c.h; path = TongJumpingToViewController.h; sourceTree = "<group>"; };
		0A1579652666744400DC041D /* TongJumpingToViewController.m */ = {isa = PBXFileReference; lastKnownFileType = sourcecode.c.objc; path = TongJumpingToViewController.m; sourceTree = "<group>"; };
		0A1579692666760400DC041D /* TongProtocolJumping.h */ = {isa = PBXFileReference; lastKnownFileType = sourcecode.c.h; path = TongProtocolJumping.h; sourceTree = "<group>"; };
		0A15796A2666760400DC041D /* TongProtocolJumping.m */ = {isa = PBXFileReference; lastKnownFileType = sourcecode.c.objc; path = TongProtocolJumping.m; sourceTree = "<group>"; };
		0A15796D2666761300DC041D /* TongTargetJumping.h */ = {isa = PBXFileReference; lastKnownFileType = sourcecode.c.h; path = TongTargetJumping.h; sourceTree = "<group>"; };
		0A15796E2666761300DC041D /* TongTargetJumping.m */ = {isa = PBXFileReference; lastKnownFileType = sourcecode.c.objc; path = TongTargetJumping.m; sourceTree = "<group>"; };
		0A1579712666762000DC041D /* TongUrlJumping.h */ = {isa = PBXFileReference; lastKnownFileType = sourcecode.c.h; path = TongUrlJumping.h; sourceTree = "<group>"; };
		0A1579722666762000DC041D /* TongUrlJumping.m */ = {isa = PBXFileReference; lastKnownFileType = sourcecode.c.objc; path = TongUrlJumping.m; sourceTree = "<group>"; };
		44B54F2D876D86CF116B96B1 /* libPods-Tong- iOS.a */ = {isa = PBXFileReference; explicitFileType = archive.ar; includeInIndex = 0; path = "libPods-Tong- iOS.a"; sourceTree = BUILT_PRODUCTS_DIR; };
		5D42A3402693FAE60005F0ED /* TongSorting.h */ = {isa = PBXFileReference; lastKnownFileType = sourcecode.c.h; path = TongSorting.h; sourceTree = "<group>"; };
		5D42A3412693FAE60005F0ED /* TongSorting.m */ = {isa = PBXFileReference; lastKnownFileType = sourcecode.c.objc; path = TongSorting.m; sourceTree = "<group>"; };
		5D5382D7269C2AEB003B2CB2 /* TongArray.h */ = {isa = PBXFileReference; lastKnownFileType = sourcecode.c.h; path = TongArray.h; sourceTree = "<group>"; };
		5D5382D8269C2AEB003B2CB2 /* TongArray.m */ = {isa = PBXFileReference; lastKnownFileType = sourcecode.c.objc; path = TongArray.m; sourceTree = "<group>"; };
		5D5382DA269C2BD9003B2CB2 /* TongNetworkingManager.h */ = {isa = PBXFileReference; lastKnownFileType = sourcecode.c.h; path = TongNetworkingManager.h; sourceTree = "<group>"; };
		5D5382DB269C2BD9003B2CB2 /* TongNetworkingManager.m */ = {isa = PBXFileReference; lastKnownFileType = sourcecode.c.objc; path = TongNetworkingManager.m; sourceTree = "<group>"; };
		5D5D4AE62664C6AA005B5D23 /* Tong- iOS.app */ = {isa = PBXFileReference; explicitFileType = wrapper.application; includeInIndex = 0; path = "Tong- iOS.app"; sourceTree = BUILT_PRODUCTS_DIR; };
		5D5D4AE92664C6AA005B5D23 /* AppDelegate.h */ = {isa = PBXFileReference; lastKnownFileType = sourcecode.c.h; lineEnding = 0; path = AppDelegate.h; sourceTree = "<group>"; usesTabs = 0; };
		5D5D4AEA2664C6AA005B5D23 /* AppDelegate.m */ = {isa = PBXFileReference; lastKnownFileType = sourcecode.c.objc; path = AppDelegate.m; sourceTree = "<group>"; };
		5D5D4AEC2664C6AA005B5D23 /* SceneDelegate.h */ = {isa = PBXFileReference; lastKnownFileType = sourcecode.c.h; path = SceneDelegate.h; sourceTree = "<group>"; };
		5D5D4AED2664C6AA005B5D23 /* SceneDelegate.m */ = {isa = PBXFileReference; lastKnownFileType = sourcecode.c.objc; path = SceneDelegate.m; sourceTree = "<group>"; };
		5D5D4AEF2664C6AA005B5D23 /* ViewController.h */ = {isa = PBXFileReference; lastKnownFileType = sourcecode.c.h; path = ViewController.h; sourceTree = "<group>"; };
		5D5D4AF02664C6AA005B5D23 /* ViewController.m */ = {isa = PBXFileReference; lastKnownFileType = sourcecode.c.objc; path = ViewController.m; sourceTree = "<group>"; };
		5D5D4AF32664C6AA005B5D23 /* Base */ = {isa = PBXFileReference; lastKnownFileType = file.storyboard; name = Base; path = Base.lproj/Main.storyboard; sourceTree = "<group>"; };
		5D5D4AF52664C6AE005B5D23 /* Assets.xcassets */ = {isa = PBXFileReference; lastKnownFileType = folder.assetcatalog; path = Assets.xcassets; sourceTree = "<group>"; };
		5D5D4AF82664C6AE005B5D23 /* Base */ = {isa = PBXFileReference; lastKnownFileType = file.storyboard; name = Base; path = Base.lproj/LaunchScreen.storyboard; sourceTree = "<group>"; };
		5D5D4AFA2664C6AE005B5D23 /* Info.plist */ = {isa = PBXFileReference; lastKnownFileType = text.plist.xml; path = Info.plist; sourceTree = "<group>"; };
		5D5D4AFB2664C6AE005B5D23 /* main.m */ = {isa = PBXFileReference; lastKnownFileType = sourcecode.c.objc; path = main.m; sourceTree = "<group>"; };
		5D5D4B042664CEE2005B5D23 /* TongStudent.h */ = {isa = PBXFileReference; lastKnownFileType = sourcecode.c.h; path = TongStudent.h; sourceTree = "<group>"; };
		5D5D4B052664CEE2005B5D23 /* TongStudent.m */ = {isa = PBXFileReference; lastKnownFileType = sourcecode.c.objc; path = TongStudent.m; sourceTree = "<group>"; };
		5D5D4B072664CF28005B5D23 /* TongStudent+TongHigh.h */ = {isa = PBXFileReference; lastKnownFileType = sourcecode.c.h; path = "TongStudent+TongHigh.h"; sourceTree = "<group>"; };
		5D5D4B082664CF28005B5D23 /* TongStudent+TongHigh.m */ = {isa = PBXFileReference; lastKnownFileType = sourcecode.c.objc; path = "TongStudent+TongHigh.m"; sourceTree = "<group>"; };
		5D5D4B0B2664D191005B5D23 /* TongStudent+TongExtension.h */ = {isa = PBXFileReference; lastKnownFileType = sourcecode.c.h; path = "TongStudent+TongExtension.h"; sourceTree = "<group>"; };
		5D5D4B0D2664D7E3005B5D23 /* TongProtocol.h */ = {isa = PBXFileReference; lastKnownFileType = sourcecode.c.h; path = TongProtocol.h; sourceTree = "<group>"; };
		5D5D4B112665D285005B5D23 /* TongBasisManager.h */ = {isa = PBXFileReference; lastKnownFileType = sourcecode.c.h; path = TongBasisManager.h; sourceTree = "<group>"; };
		5D5D4B122665D285005B5D23 /* TongBasisManager.m */ = {isa = PBXFileReference; lastKnownFileType = sourcecode.c.objc; path = TongBasisManager.m; sourceTree = "<group>"; };
		5D5D4B142665D76F005B5D23 /* TongNotificationCenter.h */ = {isa = PBXFileReference; lastKnownFileType = sourcecode.c.h; path = TongNotificationCenter.h; sourceTree = "<group>"; };
		5D5D4B152665D76F005B5D23 /* TongNotificationCenter.m */ = {isa = PBXFileReference; lastKnownFileType = sourcecode.c.objc; lineEnding = 0; path = TongNotificationCenter.m; sourceTree = "<group>"; };
		5D5D4B182665FDD5005B5D23 /* TongViewController.h */ = {isa = PBXFileReference; lastKnownFileType = sourcecode.c.h; path = TongViewController.h; sourceTree = "<group>"; };
		5D5D4B192665FDD5005B5D23 /* TongViewController.m */ = {isa = PBXFileReference; lastKnownFileType = sourcecode.c.objc; path = TongViewController.m; sourceTree = "<group>"; };
		5D5D4B1B2666004C005B5D23 /* TongBlock.h */ = {isa = PBXFileReference; lastKnownFileType = sourcecode.c.h; path = TongBlock.h; sourceTree = "<group>"; };
		5D5D4B1C2666004C005B5D23 /* TongBlock.m */ = {isa = PBXFileReference; lastKnownFileType = sourcecode.c.objc; path = TongBlock.m; sourceTree = "<group>"; };
		5D5D4B1E2666042A005B5D23 /* TongBasisViewController.h */ = {isa = PBXFileReference; lastKnownFileType = sourcecode.c.h; path = TongBasisViewController.h; sourceTree = "<group>"; };
		5D5D4B1F2666042A005B5D23 /* TongBasisViewController.m */ = {isa = PBXFileReference; lastKnownFileType = sourcecode.c.objc; path = TongBasisViewController.m; sourceTree = "<group>"; };
		5D5D4B2326663014005B5D23 /* TongKVC.h */ = {isa = PBXFileReference; lastKnownFileType = sourcecode.c.h; path = TongKVC.h; sourceTree = "<group>"; };
		5D5D4B2426663014005B5D23 /* TongKVC.m */ = {isa = PBXFileReference; lastKnownFileType = sourcecode.c.objc; path = TongKVC.m; sourceTree = "<group>"; };
		5D992E4F26A1508100B9797B /* TongCodePushDownloader.h */ = {isa = PBXFileReference; lastKnownFileType = sourcecode.c.h; path = TongCodePushDownloader.h; sourceTree = "<group>"; };
		5D992E5026A1508100B9797B /* TongCodePushDownloader.m */ = {isa = PBXFileReference; lastKnownFileType = sourcecode.c.objc; path = TongCodePushDownloader.m; sourceTree = "<group>"; };
		A631C145D69B614E00C5756F /* Pods-Tong- iOS.debug.xcconfig */ = {isa = PBXFileReference; includeInIndex = 1; lastKnownFileType = text.xcconfig; name = "Pods-Tong- iOS.debug.xcconfig"; path = "Target Support Files/Pods-Tong- iOS/Pods-Tong- iOS.debug.xcconfig"; sourceTree = "<group>"; };
		D9734A4F46C586E1FD4FEAB8 /* Pods-Tong- iOS.release.xcconfig */ = {isa = PBXFileReference; includeInIndex = 1; lastKnownFileType = text.xcconfig; name = "Pods-Tong- iOS.release.xcconfig"; path = "Target Support Files/Pods-Tong- iOS/Pods-Tong- iOS.release.xcconfig"; sourceTree = "<group>"; };
/* End PBXFileReference section */

/* Begin PBXFrameworksBuildPhase section */
		5D5D4AE32664C6AA005B5D23 /* Frameworks */ = {
			isa = PBXFrameworksBuildPhase;
			buildActionMask = 2147483647;
			files = (
				FE51FBC47328A7FCF2B61658 /* libPods-Tong- iOS.a in Frameworks */,
			);
			runOnlyForDeploymentPostprocessing = 0;
		};
/* End PBXFrameworksBuildPhase section */

/* Begin PBXGroup section */
		0A15795B2666724200DC041D /* Jumping */ = {
			isa = PBXGroup;
			children = (
				0A15795F2666730B00DC041D /* TongJumpingViewController.h */,
				0A1579602666730B00DC041D /* TongJumpingViewController.m */,
				0A1579642666744400DC041D /* TongJumpingToViewController.h */,
				0A1579652666744400DC041D /* TongJumpingToViewController.m */,
				0A15795E266672D300DC041D /* protocol_jumping */,
				0A15795D266672C300DC041D /* target_jumping */,
				0A15795C266672A100DC041D /* url_jumping */,
			);
			path = Jumping;
			sourceTree = "<group>";
		};
		0A15795C266672A100DC041D /* url_jumping */ = {
			isa = PBXGroup;
			children = (
				0A1579712666762000DC041D /* TongUrlJumping.h */,
				0A1579722666762000DC041D /* TongUrlJumping.m */,
			);
			path = url_jumping;
			sourceTree = "<group>";
		};
		0A15795D266672C300DC041D /* target_jumping */ = {
			isa = PBXGroup;
			children = (
				0A15796D2666761300DC041D /* TongTargetJumping.h */,
				0A15796E2666761300DC041D /* TongTargetJumping.m */,
			);
			path = target_jumping;
			sourceTree = "<group>";
		};
		0A15795E266672D300DC041D /* protocol_jumping */ = {
			isa = PBXGroup;
			children = (
				0A1579692666760400DC041D /* TongProtocolJumping.h */,
				0A15796A2666760400DC041D /* TongProtocolJumping.m */,
			);
			path = protocol_jumping;
			sourceTree = "<group>";
		};
		5D42A33E2693FA800005F0ED /* 数据结构 */ = {
			isa = PBXGroup;
			children = (
				5D5382E1269C3641003B2CB2 /* 链表 */,
				5D5382D6269C2ABB003B2CB2 /* 数组 */,
				5D42A33F2693FA940005F0ED /* 排序 */,
			);
			path = "数据结构";
			sourceTree = "<group>";
		};
		5D42A33F2693FA940005F0ED /* 排序 */ = {
			isa = PBXGroup;
			children = (
				5D42A3402693FAE60005F0ED /* TongSorting.h */,
				5D42A3412693FAE60005F0ED /* TongSorting.m */,
			);
			path = "排序";
			sourceTree = "<group>";
		};
		5D5382D6269C2ABB003B2CB2 /* 数组 */ = {
			isa = PBXGroup;
			children = (
				5D5382D7269C2AEB003B2CB2 /* TongArray.h */,
				5D5382D8269C2AEB003B2CB2 /* TongArray.m */,
			);
			path = "数组";
			sourceTree = "<group>";
		};
		5D5382DD269C2BE2003B2CB2 /* Networking */ = {
			isa = PBXGroup;
			children = (
				5D5382DA269C2BD9003B2CB2 /* TongNetworkingManager.h */,
				5D5382DB269C2BD9003B2CB2 /* TongNetworkingManager.m */,
				5D992E4F26A1508100B9797B /* TongCodePushDownloader.h */,
				5D992E5026A1508100B9797B /* TongCodePushDownloader.m */,
			);
			path = Networking;
			sourceTree = "<group>";
		};
		5D5382E1269C3641003B2CB2 /* 链表 */ = {
			isa = PBXGroup;
			children = (
			);
			path = "链表";
			sourceTree = "<group>";
		};
		5D5D4ADD2664C6AA005B5D23 = {
			isa = PBXGroup;
			children = (
				5D5D4AE82664C6AA005B5D23 /* Tong- iOS */,
				5D5D4AE72664C6AA005B5D23 /* Products */,
				B6F8725E9CB956B123B104CE /* Pods */,
				80A5CFDD7139D5C31942E4DA /* Frameworks */,
			);
			sourceTree = "<group>";
		};
		5D5D4AE72664C6AA005B5D23 /* Products */ = {
			isa = PBXGroup;
			children = (
				5D5D4AE62664C6AA005B5D23 /* Tong- iOS.app */,
			);
			name = Products;
			sourceTree = "<group>";
		};
		5D5D4AE82664C6AA005B5D23 /* Tong- iOS */ = {
			isa = PBXGroup;
			children = (
				5D5382DD269C2BE2003B2CB2 /* Networking */,
				5D42A33E2693FA800005F0ED /* 数据结构 */,
				0A15795B2666724200DC041D /* Jumping */,
				5D5D4B102665D246005B5D23 /* Basis */,
				5D5D4AE92664C6AA005B5D23 /* AppDelegate.h */,
				5D5D4AEA2664C6AA005B5D23 /* AppDelegate.m */,
				5D5D4AEC2664C6AA005B5D23 /* SceneDelegate.h */,
				5D5D4AED2664C6AA005B5D23 /* SceneDelegate.m */,
				5D5D4AEF2664C6AA005B5D23 /* ViewController.h */,
				5D5D4AF02664C6AA005B5D23 /* ViewController.m */,
				5D5D4B182665FDD5005B5D23 /* TongViewController.h */,
				5D5D4B192665FDD5005B5D23 /* TongViewController.m */,
				5D5D4AF22664C6AA005B5D23 /* Main.storyboard */,
				5D5D4AF52664C6AE005B5D23 /* Assets.xcassets */,
				5D5D4AF72664C6AE005B5D23 /* LaunchScreen.storyboard */,
				5D5D4AFA2664C6AE005B5D23 /* Info.plist */,
				5D5D4AFB2664C6AE005B5D23 /* main.m */,
			);
			path = "Tong- iOS";
			sourceTree = "<group>";
		};
		5D5D4B022664C93F005B5D23 /* category */ = {
			isa = PBXGroup;
			children = (
				5D5D4B042664CEE2005B5D23 /* TongStudent.h */,
				5D5D4B052664CEE2005B5D23 /* TongStudent.m */,
				5D5D4B072664CF28005B5D23 /* TongStudent+TongHigh.h */,
				5D5D4B082664CF28005B5D23 /* TongStudent+TongHigh.m */,
			);
			path = category;
			sourceTree = "<group>";
			usesTabs = 0;
		};
		5D5D4B032664C94D005B5D23 /* extension */ = {
			isa = PBXGroup;
			children = (
				5D5D4B0B2664D191005B5D23 /* TongStudent+TongExtension.h */,
			);
			path = extension;
			sourceTree = "<group>";
		};
		5D5D4B0C2664D7C9005B5D23 /* protocol */ = {
			isa = PBXGroup;
			children = (
				5D5D4B0D2664D7E3005B5D23 /* TongProtocol.h */,
			);
			path = protocol;
			sourceTree = "<group>";
		};
		5D5D4B0E2665D1AC005B5D23 /* 通知 */ = {
			isa = PBXGroup;
			children = (
				5D5D4B142665D76F005B5D23 /* TongNotificationCenter.h */,
				5D5D4B152665D76F005B5D23 /* TongNotificationCenter.m */,
			);
			path = "通知";
			sourceTree = "<group>";
		};
		5D5D4B0F2665D1C2005B5D23 /* block */ = {
			isa = PBXGroup;
			children = (
				5D5D4B1B2666004C005B5D23 /* TongBlock.h */,
				5D5D4B1C2666004C005B5D23 /* TongBlock.m */,
			);
			path = block;
			sourceTree = "<group>";
		};
		5D5D4B102665D246005B5D23 /* Basis */ = {
			isa = PBXGroup;
			children = (
				5D5D4B1E2666042A005B5D23 /* TongBasisViewController.h */,
				5D5D4B1F2666042A005B5D23 /* TongBasisViewController.m */,
				5D5D4B112665D285005B5D23 /* TongBasisManager.h */,
				5D5D4B122665D285005B5D23 /* TongBasisManager.m */,
				5D5D4B2226662FD5005B5D23 /* KVO */,
				5D5D4B2126662FCA005B5D23 /* KVC */,
				5D5D4B0F2665D1C2005B5D23 /* block */,
				5D5D4B0E2665D1AC005B5D23 /* 通知 */,
				5D5D4B0C2664D7C9005B5D23 /* protocol */,
				5D5D4B032664C94D005B5D23 /* extension */,
				5D5D4B022664C93F005B5D23 /* category */,
			);
			path = Basis;
			sourceTree = "<group>";
		};
		5D5D4B2126662FCA005B5D23 /* KVC */ = {
			isa = PBXGroup;
			children = (
				5D5D4B2326663014005B5D23 /* TongKVC.h */,
				5D5D4B2426663014005B5D23 /* TongKVC.m */,
			);
			path = KVC;
			sourceTree = "<group>";
		};
		5D5D4B2226662FD5005B5D23 /* KVO */ = {
			isa = PBXGroup;
			children = (
			);
			path = KVO;
			sourceTree = "<group>";
		};
		80A5CFDD7139D5C31942E4DA /* Frameworks */ = {
			isa = PBXGroup;
			children = (
				44B54F2D876D86CF116B96B1 /* libPods-Tong- iOS.a */,
			);
			name = Frameworks;
			sourceTree = "<group>";
		};
		B6F8725E9CB956B123B104CE /* Pods */ = {
			isa = PBXGroup;
			children = (
				A631C145D69B614E00C5756F /* Pods-Tong- iOS.debug.xcconfig */,
				D9734A4F46C586E1FD4FEAB8 /* Pods-Tong- iOS.release.xcconfig */,
			);
			path = Pods;
			sourceTree = "<group>";
		};
/* End PBXGroup section */

/* Begin PBXNativeTarget section */
		5D5D4AE52664C6AA005B5D23 /* Tong- iOS */ = {
			isa = PBXNativeTarget;
			buildConfigurationList = 5D5D4AFF2664C6AE005B5D23 /* Build configuration list for PBXNativeTarget "Tong- iOS" */;
			buildPhases = (
				C84951A636F224C1D48A9EA0 /* [CP] Check Pods Manifest.lock */,
				5D5D4AE22664C6AA005B5D23 /* Sources */,
				5D5D4AE32664C6AA005B5D23 /* Frameworks */,
				5D5D4AE42664C6AA005B5D23 /* Resources */,
			);
			buildRules = (
			);
			dependencies = (
			);
			name = "Tong- iOS";
			productName = "Tong- iOS";
			productReference = 5D5D4AE62664C6AA005B5D23 /* Tong- iOS.app */;
			productType = "com.apple.product-type.application";
		};
/* End PBXNativeTarget section */

/* Begin PBXProject section */
		5D5D4ADE2664C6AA005B5D23 /* Project object */ = {
			isa = PBXProject;
			attributes = {
				CLASSPREFIX = Tong;
				LastUpgradeCheck = 1250;
				TargetAttributes = {
					5D5D4AE52664C6AA005B5D23 = {
						CreatedOnToolsVersion = 12.5;
					};
				};
			};
			buildConfigurationList = 5D5D4AE12664C6AA005B5D23 /* Build configuration list for PBXProject "Tong- iOS" */;
			compatibilityVersion = "Xcode 9.3";
			developmentRegion = en;
			hasScannedForEncodings = 0;
			knownRegions = (
				en,
				Base,
			);
			mainGroup = 5D5D4ADD2664C6AA005B5D23;
			productRefGroup = 5D5D4AE72664C6AA005B5D23 /* Products */;
			projectDirPath = "";
			projectRoot = "";
			targets = (
				5D5D4AE52664C6AA005B5D23 /* Tong- iOS */,
			);
		};
/* End PBXProject section */

/* Begin PBXResourcesBuildPhase section */
		5D5D4AE42664C6AA005B5D23 /* Resources */ = {
			isa = PBXResourcesBuildPhase;
			buildActionMask = 2147483647;
			files = (
				5D5D4AF92664C6AE005B5D23 /* LaunchScreen.storyboard in Resources */,
				5D5D4AF62664C6AE005B5D23 /* Assets.xcassets in Resources */,
				5D5D4AF42664C6AA005B5D23 /* Main.storyboard in Resources */,
			);
			runOnlyForDeploymentPostprocessing = 0;
		};
/* End PBXResourcesBuildPhase section */

/* Begin PBXShellScriptBuildPhase section */
		C84951A636F224C1D48A9EA0 /* [CP] Check Pods Manifest.lock */ = {
			isa = PBXShellScriptBuildPhase;
			buildActionMask = 2147483647;
			files = (
			);
			inputFileListPaths = (
			);
			inputPaths = (
				"${PODS_PODFILE_DIR_PATH}/Podfile.lock",
				"${PODS_ROOT}/Manifest.lock",
			);
			name = "[CP] Check Pods Manifest.lock";
			outputFileListPaths = (
			);
			outputPaths = (
				"$(DERIVED_FILE_DIR)/Pods-Tong- iOS-checkManifestLockResult.txt",
			);
			runOnlyForDeploymentPostprocessing = 0;
			shellPath = /bin/sh;
			shellScript = "diff \"${PODS_PODFILE_DIR_PATH}/Podfile.lock\" \"${PODS_ROOT}/Manifest.lock\" > /dev/null\nif [ $? != 0 ] ; then\n    # print error to STDERR\n    echo \"error: The sandbox is not in sync with the Podfile.lock. Run 'pod install' or update your CocoaPods installation.\" >&2\n    exit 1\nfi\n# This output is used by Xcode 'outputs' to avoid re-running this script phase.\necho \"SUCCESS\" > \"${SCRIPT_OUTPUT_FILE_0}\"\n";
			showEnvVarsInLog = 0;
		};
/* End PBXShellScriptBuildPhase section */

/* Begin PBXSourcesBuildPhase section */
		5D5D4AE22664C6AA005B5D23 /* Sources */ = {
			isa = PBXSourcesBuildPhase;
			buildActionMask = 2147483647;
			files = (
				5D5D4B2526663014005B5D23 /* TongKVC.m in Sources */,
				5D5D4AF12664C6AA005B5D23 /* ViewController.m in Sources */,
				5D5D4B1D2666004C005B5D23 /* TongBlock.m in Sources */,
				5D5D4B1A2665FDD5005B5D23 /* TongViewController.m in Sources */,
				5D42A3422693FAE60005F0ED /* TongSorting.m in Sources */,
				5D5D4B092664CF28005B5D23 /* TongStudent+TongHigh.m in Sources */,
				5D5D4AEB2664C6AA005B5D23 /* AppDelegate.m in Sources */,
				0A1579732666762000DC041D /* TongUrlJumping.m in Sources */,
				0A1579662666744400DC041D /* TongJumpingToViewController.m in Sources */,
				5D5382DC269C2BD9003B2CB2 /* TongNetworkingManager.m in Sources */,
				5D5382D9269C2AEC003B2CB2 /* TongArray.m in Sources */,
				0A15796F2666761300DC041D /* TongTargetJumping.m in Sources */,
				5D5D4B172665E0C8005B5D23 /* TongNotificationCenter.m in Sources */,
				5D5D4B062664CEE3005B5D23 /* TongStudent.m in Sources */,
				5D992E5126A1508100B9797B /* TongCodePushDownloader.m in Sources */,
				5D5D4AFC2664C6AE005B5D23 /* main.m in Sources */,
				0A1579612666730B00DC041D /* TongJumpingViewController.m in Sources */,
				0A15796B2666760400DC041D /* TongProtocolJumping.m in Sources */,
				5D5D4B132665D285005B5D23 /* TongBasisManager.m in Sources */,
				5D5D4AEE2664C6AA005B5D23 /* SceneDelegate.m in Sources */,
				5D5D4B202666042A005B5D23 /* TongBasisViewController.m in Sources */,
			);
			runOnlyForDeploymentPostprocessing = 0;
		};
/* End PBXSourcesBuildPhase section */

/* Begin PBXVariantGroup section */
		5D5D4AF22664C6AA005B5D23 /* Main.storyboard */ = {
			isa = PBXVariantGroup;
			children = (
				5D5D4AF32664C6AA005B5D23 /* Base */,
			);
			name = Main.storyboard;
			sourceTree = "<group>";
		};
		5D5D4AF72664C6AE005B5D23 /* LaunchScreen.storyboard */ = {
			isa = PBXVariantGroup;
			children = (
				5D5D4AF82664C6AE005B5D23 /* Base */,
			);
			name = LaunchScreen.storyboard;
			sourceTree = "<group>";
		};
/* End PBXVariantGroup section */

/* Begin XCBuildConfiguration section */
		5D5D4AFD2664C6AE005B5D23 /* Debug */ = {
			isa = XCBuildConfiguration;
			buildSettings = {
				ALWAYS_SEARCH_USER_PATHS = NO;
				CLANG_ANALYZER_NONNULL = YES;
				CLANG_ANALYZER_NUMBER_OBJECT_CONVERSION = YES_AGGRESSIVE;
				CLANG_CXX_LANGUAGE_STANDARD = "gnu++14";
				CLANG_CXX_LIBRARY = "libc++";
				CLANG_ENABLE_MODULES = YES;
				CLANG_ENABLE_OBJC_ARC = YES;
				CLANG_ENABLE_OBJC_WEAK = YES;
				CLANG_WARN_BLOCK_CAPTURE_AUTORELEASING = YES;
				CLANG_WARN_BOOL_CONVERSION = YES;
				CLANG_WARN_COMMA = YES;
				CLANG_WARN_CONSTANT_CONVERSION = YES;
				CLANG_WARN_DEPRECATED_OBJC_IMPLEMENTATIONS = YES;
				CLANG_WARN_DIRECT_OBJC_ISA_USAGE = YES_ERROR;
				CLANG_WARN_DOCUMENTATION_COMMENTS = YES;
				CLANG_WARN_EMPTY_BODY = YES;
				CLANG_WARN_ENUM_CONVERSION = YES;
				CLANG_WARN_INFINITE_RECURSION = YES;
				CLANG_WARN_INT_CONVERSION = YES;
				CLANG_WARN_NON_LITERAL_NULL_CONVERSION = YES;
				CLANG_WARN_OBJC_IMPLICIT_RETAIN_SELF = YES;
				CLANG_WARN_OBJC_LITERAL_CONVERSION = YES;
				CLANG_WARN_OBJC_ROOT_CLASS = YES_ERROR;
				CLANG_WARN_QUOTED_INCLUDE_IN_FRAMEWORK_HEADER = YES;
				CLANG_WARN_RANGE_LOOP_ANALYSIS = YES;
				CLANG_WARN_STRICT_PROTOTYPES = YES;
				CLANG_WARN_SUSPICIOUS_MOVE = YES;
				CLANG_WARN_UNGUARDED_AVAILABILITY = YES_AGGRESSIVE;
				CLANG_WARN_UNREACHABLE_CODE = YES;
				CLANG_WARN__DUPLICATE_METHOD_MATCH = YES;
				COPY_PHASE_STRIP = NO;
				DEBUG_INFORMATION_FORMAT = dwarf;
				ENABLE_STRICT_OBJC_MSGSEND = YES;
				ENABLE_TESTABILITY = YES;
				GCC_C_LANGUAGE_STANDARD = gnu11;
				GCC_DYNAMIC_NO_PIC = NO;
				GCC_NO_COMMON_BLOCKS = YES;
				GCC_OPTIMIZATION_LEVEL = 0;
				GCC_PREPROCESSOR_DEFINITIONS = (
					"DEBUG=1",
					"$(inherited)",
				);
				GCC_WARN_64_TO_32_BIT_CONVERSION = YES;
				GCC_WARN_ABOUT_RETURN_TYPE = YES_ERROR;
				GCC_WARN_UNDECLARED_SELECTOR = YES;
				GCC_WARN_UNINITIALIZED_AUTOS = YES_AGGRESSIVE;
				GCC_WARN_UNUSED_FUNCTION = YES;
				GCC_WARN_UNUSED_VARIABLE = YES;
				IPHONEOS_DEPLOYMENT_TARGET = 14.5;
				MTL_ENABLE_DEBUG_INFO = INCLUDE_SOURCE;
				MTL_FAST_MATH = YES;
				ONLY_ACTIVE_ARCH = YES;
				SDKROOT = iphoneos;
			};
			name = Debug;
		};
		5D5D4AFE2664C6AE005B5D23 /* Release */ = {
			isa = XCBuildConfiguration;
			buildSettings = {
				ALWAYS_SEARCH_USER_PATHS = NO;
				CLANG_ANALYZER_NONNULL = YES;
				CLANG_ANALYZER_NUMBER_OBJECT_CONVERSION = YES_AGGRESSIVE;
				CLANG_CXX_LANGUAGE_STANDARD = "gnu++14";
				CLANG_CXX_LIBRARY = "libc++";
				CLANG_ENABLE_MODULES = YES;
				CLANG_ENABLE_OBJC_ARC = YES;
				CLANG_ENABLE_OBJC_WEAK = YES;
				CLANG_WARN_BLOCK_CAPTURE_AUTORELEASING = YES;
				CLANG_WARN_BOOL_CONVERSION = YES;
				CLANG_WARN_COMMA = YES;
				CLANG_WARN_CONSTANT_CONVERSION = YES;
				CLANG_WARN_DEPRECATED_OBJC_IMPLEMENTATIONS = YES;
				CLANG_WARN_DIRECT_OBJC_ISA_USAGE = YES_ERROR;
				CLANG_WARN_DOCUMENTATION_COMMENTS = YES;
				CLANG_WARN_EMPTY_BODY = YES;
				CLANG_WARN_ENUM_CONVERSION = YES;
				CLANG_WARN_INFINITE_RECURSION = YES;
				CLANG_WARN_INT_CONVERSION = YES;
				CLANG_WARN_NON_LITERAL_NULL_CONVERSION = YES;
				CLANG_WARN_OBJC_IMPLICIT_RETAIN_SELF = YES;
				CLANG_WARN_OBJC_LITERAL_CONVERSION = YES;
				CLANG_WARN_OBJC_ROOT_CLASS = YES_ERROR;
				CLANG_WARN_QUOTED_INCLUDE_IN_FRAMEWORK_HEADER = YES;
				CLANG_WARN_RANGE_LOOP_ANALYSIS = YES;
				CLANG_WARN_STRICT_PROTOTYPES = YES;
				CLANG_WARN_SUSPICIOUS_MOVE = YES;
				CLANG_WARN_UNGUARDED_AVAILABILITY = YES_AGGRESSIVE;
				CLANG_WARN_UNREACHABLE_CODE = YES;
				CLANG_WARN__DUPLICATE_METHOD_MATCH = YES;
				COPY_PHASE_STRIP = NO;
				DEBUG_INFORMATION_FORMAT = "dwarf-with-dsym";
				ENABLE_NS_ASSERTIONS = NO;
				ENABLE_STRICT_OBJC_MSGSEND = YES;
				GCC_C_LANGUAGE_STANDARD = gnu11;
				GCC_NO_COMMON_BLOCKS = YES;
				GCC_WARN_64_TO_32_BIT_CONVERSION = YES;
				GCC_WARN_ABOUT_RETURN_TYPE = YES_ERROR;
				GCC_WARN_UNDECLARED_SELECTOR = YES;
				GCC_WARN_UNINITIALIZED_AUTOS = YES_AGGRESSIVE;
				GCC_WARN_UNUSED_FUNCTION = YES;
				GCC_WARN_UNUSED_VARIABLE = YES;
				IPHONEOS_DEPLOYMENT_TARGET = 14.5;
				MTL_ENABLE_DEBUG_INFO = NO;
				MTL_FAST_MATH = YES;
				SDKROOT = iphoneos;
				VALIDATE_PRODUCT = YES;
			};
			name = Release;
		};
		5D5D4B002664C6AE005B5D23 /* Debug */ = {
			isa = XCBuildConfiguration;
			baseConfigurationReference = A631C145D69B614E00C5756F /* Pods-Tong- iOS.debug.xcconfig */;
			buildSettings = {
				ASSETCATALOG_COMPILER_APPICON_NAME = AppIcon;
				ASSETCATALOG_COMPILER_GLOBAL_ACCENT_COLOR_NAME = AccentColor;
				CODE_SIGN_STYLE = Automatic;
				DEVELOPMENT_TEAM = C7G78L37X3;
				INFOPLIST_FILE = "Tong- iOS/Info.plist";
				IPHONEOS_DEPLOYMENT_TARGET = 11.0;
				LD_RUNPATH_SEARCH_PATHS = (
					"$(inherited)",
					"@executable_path/Frameworks",
				);
				PRODUCT_BUNDLE_IDENTIFIER = "com.eco.Tong--iOS";
				PRODUCT_NAME = "$(TARGET_NAME)";
				TARGETED_DEVICE_FAMILY = "1,2";
			};
			name = Debug;
		};
		5D5D4B012664C6AE005B5D23 /* Release */ = {
			isa = XCBuildConfiguration;
			baseConfigurationReference = D9734A4F46C586E1FD4FEAB8 /* Pods-Tong- iOS.release.xcconfig */;
			buildSettings = {
				ASSETCATALOG_COMPILER_APPICON_NAME = AppIcon;
				ASSETCATALOG_COMPILER_GLOBAL_ACCENT_COLOR_NAME = AccentColor;
				CODE_SIGN_STYLE = Automatic;
				DEVELOPMENT_TEAM = C7G78L37X3;
				INFOPLIST_FILE = "Tong- iOS/Info.plist";
				IPHONEOS_DEPLOYMENT_TARGET = 11.0;
				LD_RUNPATH_SEARCH_PATHS = (
					"$(inherited)",
					"@executable_path/Frameworks",
				);
				PRODUCT_BUNDLE_IDENTIFIER = "com.eco.Tong--iOS";
				PRODUCT_NAME = "$(TARGET_NAME)";
				TARGETED_DEVICE_FAMILY = "1,2";
			};
			name = Release;
		};
/* End XCBuildConfiguration section */

/* Begin XCConfigurationList section */
		5D5D4AE12664C6AA005B5D23 /* Build configuration list for PBXProject "Tong- iOS" */ = {
			isa = XCConfigurationList;
			buildConfigurations = (
				5D5D4AFD2664C6AE005B5D23 /* Debug */,
				5D5D4AFE2664C6AE005B5D23 /* Release */,
			);
			defaultConfigurationIsVisible = 0;
			defaultConfigurationName = Release;
		};
		5D5D4AFF2664C6AE005B5D23 /* Build configuration list for PBXNativeTarget "Tong- iOS" */ = {
			isa = XCConfigurationList;
			buildConfigurations = (
				5D5D4B002664C6AE005B5D23 /* Debug */,
				5D5D4B012664C6AE005B5D23 /* Release */,
			);
			defaultConfigurationIsVisible = 0;
			defaultConfigurationName = Release;
		};
/* End XCConfigurationList section */
	};
	rootObject = 5D5D4ADE2664C6AA005B5D23 /* Project object */;
}
